// !$*UTF8*$!
{
	archiveVersion = 1;
	classes = {
	};
	objectVersion = 46;
	objects = {

/* Begin PBXBuildFile section */
		2009E3D11774B71C00AFA02D /* FuseAPI.h in Headers */ = {isa = PBXBuildFile; fileRef = 2009E3CF1774B71C00AFA02D /* FuseAPI.h */; };
		2009E3D21774B71C00AFA02D /* libFuseAPI.a in Frameworks */ = {isa = PBXBuildFile; fileRef = 2009E3D01774B71C00AFA02D /* libFuseAPI.a */; };
		2009E3D71774B74900AFA02D /* AirFuseAPI-Prefix.pch in Headers */ = {isa = PBXBuildFile; fileRef = 2009E3D61774B74900AFA02D /* AirFuseAPI-Prefix.pch */; };
		2009E3D91774B75000AFA02D /* FlashRuntimeExtensions.h in Headers */ = {isa = PBXBuildFile; fileRef = 2009E3D81774B75000AFA02D /* FlashRuntimeExtensions.h */; };
		20E8C1461774AC77005B1D58 /* AirFuseAPI.h in Headers */ = {isa = PBXBuildFile; fileRef = 20E8C1431774AC77005B1D58 /* AirFuseAPI.h */; };
		20E8C1471774AC77005B1D58 /* AirFuseAPI.m in Sources */ = {isa = PBXBuildFile; fileRef = 20E8C1441774AC77005B1D58 /* AirFuseAPI.m */; };
		20FE617E1832C79D00CCE8DC /* EventKit.framework in Frameworks */ = {isa = PBXBuildFile; fileRef = 20FE617D1832C79D00CCE8DC /* EventKit.framework */; settings = {ATTRIBUTES = (Weak, ); }; };
		20FE61811832C7A300CCE8DC /* EventKitUI.framework in Frameworks */ = {isa = PBXBuildFile; fileRef = 20FE61801832C7A300CCE8DC /* EventKitUI.framework */; settings = {ATTRIBUTES = (Weak, ); }; };
		20FE61B11832E29400CCE8DC /* MessageUI.framework in Frameworks */ = {isa = PBXBuildFile; fileRef = 20FE61B01832E29400CCE8DC /* MessageUI.framework */; settings = {ATTRIBUTES = (Weak, ); }; };
		39CD1F9F160753D0006D8EB1 /* Foundation.framework in Frameworks */ = {isa = PBXBuildFile; fileRef = 39CD1F9E160753D0006D8EB1 /* Foundation.framework */; };
		39CD1FA1160753D0006D8EB1 /* CoreFoundation.framework in Frameworks */ = {isa = PBXBuildFile; fileRef = 39CD1FA0160753D0006D8EB1 /* CoreFoundation.framework */; };
		39CD1FA3160753D0006D8EB1 /* UIKit.framework in Frameworks */ = {isa = PBXBuildFile; fileRef = 39CD1FA2160753D0006D8EB1 /* UIKit.framework */; };
		39CD1FA5160753D0006D8EB1 /* MobileCoreServices.framework in Frameworks */ = {isa = PBXBuildFile; fileRef = 39CD1FA4160753D0006D8EB1 /* MobileCoreServices.framework */; };
		39CD1FA7160753D0006D8EB1 /* CoreGraphics.framework in Frameworks */ = {isa = PBXBuildFile; fileRef = 39CD1FA6160753D0006D8EB1 /* CoreGraphics.framework */; };
		39CD1FA9160753D0006D8EB1 /* SystemConfiguration.framework in Frameworks */ = {isa = PBXBuildFile; fileRef = 39CD1FA8160753D0006D8EB1 /* SystemConfiguration.framework */; };
		39CD1FAB160753D0006D8EB1 /* AudioToolbox.framework in Frameworks */ = {isa = PBXBuildFile; fileRef = 39CD1FAA160753D0006D8EB1 /* AudioToolbox.framework */; };
		39CD1FAD160753D0006D8EB1 /* CFNetwork.framework in Frameworks */ = {isa = PBXBuildFile; fileRef = 39CD1FAC160753D0006D8EB1 /* CFNetwork.framework */; settings = {ATTRIBUTES = (Required, ); }; };
		39CD1FAF160753D0006D8EB1 /* QuartzCore.framework in Frameworks */ = {isa = PBXBuildFile; fileRef = 39CD1FAE160753D0006D8EB1 /* QuartzCore.framework */; };
		39CD1FB1160753D0006D8EB1 /* OpenGLES.framework in Frameworks */ = {isa = PBXBuildFile; fileRef = 39CD1FB0160753D0006D8EB1 /* OpenGLES.framework */; };
		39CD1FB9160753D0006D8EB1 /* AVFoundation.framework in Frameworks */ = {isa = PBXBuildFile; fileRef = 39CD1FB8160753D0006D8EB1 /* AVFoundation.framework */; };
		39CD1FBB160753D0006D8EB1 /* Security.framework in Frameworks */ = {isa = PBXBuildFile; fileRef = 39CD1FBA160753D0006D8EB1 /* Security.framework */; };
		39CD1FDD160755FA006D8EB1 /* StoreKit.framework in Frameworks */ = {isa = PBXBuildFile; fileRef = 39CD1FDC160755FA006D8EB1 /* StoreKit.framework */; };
		39CD1FDF1607560E006D8EB1 /* GameKit.framework in Frameworks */ = {isa = PBXBuildFile; fileRef = 39CD1FDE1607560E006D8EB1 /* GameKit.framework */; settings = {ATTRIBUTES = (Weak, ); }; };
/* End PBXBuildFile section */

/* Begin PBXFileReference section */
		2009E3CF1774B71C00AFA02D /* FuseAPI.h */ = {isa = PBXFileReference; fileEncoding = 4; lastKnownFileType = sourcecode.c.h; path = FuseAPI.h; sourceTree = "<group>"; };
		2009E3D01774B71C00AFA02D /* libFuseAPI.a */ = {isa = PBXFileReference; lastKnownFileType = archive.ar; path = libFuseAPI.a; sourceTree = "<group>"; };
		2009E3D61774B74900AFA02D /* AirFuseAPI-Prefix.pch */ = {isa = PBXFileReference; fileEncoding = 4; lastKnownFileType = sourcecode.c.h; path = "AirFuseAPI-Prefix.pch"; sourceTree = "<group>"; };
		2009E3D81774B75000AFA02D /* FlashRuntimeExtensions.h */ = {isa = PBXFileReference; fileEncoding = 4; lastKnownFileType = sourcecode.c.h; path = FlashRuntimeExtensions.h; sourceTree = SOURCE_ROOT; };
		20E8C1431774AC77005B1D58 /* AirFuseAPI.h */ = {isa = PBXFileReference; fileEncoding = 4; lastKnownFileType = sourcecode.c.h; path = AirFuseAPI.h; sourceTree = "<group>"; wrapsLines = 0; };
		20E8C1441774AC77005B1D58 /* AirFuseAPI.m */ = {isa = PBXFileReference; fileEncoding = 4; lastKnownFileType = sourcecode.c.objc; path = AirFuseAPI.m; sourceTree = "<group>"; wrapsLines = 0; };
		20FE617D1832C79D00CCE8DC /* EventKit.framework */ = {isa = PBXFileReference; lastKnownFileType = wrapper.framework; name = EventKit.framework; path = System/Library/Frameworks/EventKit.framework; sourceTree = SDKROOT; };
		20FE61801832C7A300CCE8DC /* EventKitUI.framework */ = {isa = PBXFileReference; lastKnownFileType = wrapper.framework; name = EventKitUI.framework; path = System/Library/Frameworks/EventKitUI.framework; sourceTree = SDKROOT; };
		20FE61B01832E29400CCE8DC /* MessageUI.framework */ = {isa = PBXFileReference; lastKnownFileType = wrapper.framework; name = MessageUI.framework; path = System/Library/Frameworks/MessageUI.framework; sourceTree = SDKROOT; };
		39CD1F9B160753D0006D8EB1 /* libAirFuseAPI.a */ = {isa = PBXFileReference; explicitFileType = archive.ar; includeInIndex = 0; path = libAirFuseAPI.a; sourceTree = BUILT_PRODUCTS_DIR; };
		39CD1F9E160753D0006D8EB1 /* Foundation.framework */ = {isa = PBXFileReference; lastKnownFileType = wrapper.framework; name = Foundation.framework; path = System/Library/Frameworks/Foundation.framework; sourceTree = SDKROOT; };
		39CD1FA0160753D0006D8EB1 /* CoreFoundation.framework */ = {isa = PBXFileReference; lastKnownFileType = wrapper.framework; name = CoreFoundation.framework; path = System/Library/Frameworks/CoreFoundation.framework; sourceTree = SDKROOT; };
		39CD1FA2160753D0006D8EB1 /* UIKit.framework */ = {isa = PBXFileReference; lastKnownFileType = wrapper.framework; name = UIKit.framework; path = System/Library/Frameworks/UIKit.framework; sourceTree = SDKROOT; };
		39CD1FA4160753D0006D8EB1 /* MobileCoreServices.framework */ = {isa = PBXFileReference; lastKnownFileType = wrapper.framework; name = MobileCoreServices.framework; path = System/Library/Frameworks/MobileCoreServices.framework; sourceTree = SDKROOT; };
		39CD1FA6160753D0006D8EB1 /* CoreGraphics.framework */ = {isa = PBXFileReference; lastKnownFileType = wrapper.framework; name = CoreGraphics.framework; path = System/Library/Frameworks/CoreGraphics.framework; sourceTree = SDKROOT; };
		39CD1FA8160753D0006D8EB1 /* SystemConfiguration.framework */ = {isa = PBXFileReference; lastKnownFileType = wrapper.framework; name = SystemConfiguration.framework; path = System/Library/Frameworks/SystemConfiguration.framework; sourceTree = SDKROOT; };
		39CD1FAA160753D0006D8EB1 /* AudioToolbox.framework */ = {isa = PBXFileReference; lastKnownFileType = wrapper.framework; name = AudioToolbox.framework; path = System/Library/Frameworks/AudioToolbox.framework; sourceTree = SDKROOT; };
		39CD1FAC160753D0006D8EB1 /* CFNetwork.framework */ = {isa = PBXFileReference; lastKnownFileType = wrapper.framework; name = CFNetwork.framework; path = System/Library/Frameworks/CFNetwork.framework; sourceTree = SDKROOT; };
		39CD1FAE160753D0006D8EB1 /* QuartzCore.framework */ = {isa = PBXFileReference; lastKnownFileType = wrapper.framework; name = QuartzCore.framework; path = System/Library/Frameworks/QuartzCore.framework; sourceTree = SDKROOT; };
		39CD1FB0160753D0006D8EB1 /* OpenGLES.framework */ = {isa = PBXFileReference; lastKnownFileType = wrapper.framework; name = OpenGLES.framework; path = System/Library/Frameworks/OpenGLES.framework; sourceTree = SDKROOT; };
		39CD1FB8160753D0006D8EB1 /* AVFoundation.framework */ = {isa = PBXFileReference; lastKnownFileType = wrapper.framework; name = AVFoundation.framework; path = System/Library/Frameworks/AVFoundation.framework; sourceTree = SDKROOT; };
		39CD1FBA160753D0006D8EB1 /* Security.framework */ = {isa = PBXFileReference; lastKnownFileType = wrapper.framework; name = Security.framework; path = System/Library/Frameworks/Security.framework; sourceTree = SDKROOT; };
		39CD1FDC160755FA006D8EB1 /* StoreKit.framework */ = {isa = PBXFileReference; lastKnownFileType = wrapper.framework; name = StoreKit.framework; path = System/Library/Frameworks/StoreKit.framework; sourceTree = SDKROOT; };
		39CD1FDE1607560E006D8EB1 /* GameKit.framework */ = {isa = PBXFileReference; lastKnownFileType = wrapper.framework; name = GameKit.framework; path = System/Library/Frameworks/GameKit.framework; sourceTree = SDKROOT; };
/* End PBXFileReference section */

/* Begin PBXFrameworksBuildPhase section */
		39CD1F98160753D0006D8EB1 /* Frameworks */ = {
			isa = PBXFrameworksBuildPhase;
			buildActionMask = 2147483647;
			files = (
				20FE61B11832E29400CCE8DC /* MessageUI.framework in Frameworks */,
				20FE61811832C7A300CCE8DC /* EventKitUI.framework in Frameworks */,
				20FE617E1832C79D00CCE8DC /* EventKit.framework in Frameworks */,
				39CD1FDF1607560E006D8EB1 /* GameKit.framework in Frameworks */,
				39CD1FDD160755FA006D8EB1 /* StoreKit.framework in Frameworks */,
				39CD1F9F160753D0006D8EB1 /* Foundation.framework in Frameworks */,
				39CD1FA1160753D0006D8EB1 /* CoreFoundation.framework in Frameworks */,
				39CD1FA3160753D0006D8EB1 /* UIKit.framework in Frameworks */,
				39CD1FA5160753D0006D8EB1 /* MobileCoreServices.framework in Frameworks */,
				39CD1FA7160753D0006D8EB1 /* CoreGraphics.framework in Frameworks */,
				39CD1FA9160753D0006D8EB1 /* SystemConfiguration.framework in Frameworks */,
				39CD1FAB160753D0006D8EB1 /* AudioToolbox.framework in Frameworks */,
				39CD1FAD160753D0006D8EB1 /* CFNetwork.framework in Frameworks */,
				39CD1FAF160753D0006D8EB1 /* QuartzCore.framework in Frameworks */,
				39CD1FB1160753D0006D8EB1 /* OpenGLES.framework in Frameworks */,
				39CD1FB9160753D0006D8EB1 /* AVFoundation.framework in Frameworks */,
				39CD1FBB160753D0006D8EB1 /* Security.framework in Frameworks */,
				2009E3D21774B71C00AFA02D /* libFuseAPI.a in Frameworks */,
			);
			runOnlyForDeploymentPostprocessing = 0;
		};
/* End PBXFrameworksBuildPhase section */

/* Begin PBXGroup section */
		2009E3CE1774B71C00AFA02D /* FuseAPI */ = {
			isa = PBXGroup;
			children = (
				2009E3CF1774B71C00AFA02D /* FuseAPI.h */,
				2009E3D01774B71C00AFA02D /* libFuseAPI.a */,
			);
			path = FuseAPI;
			sourceTree = "<group>";
		};
		20E8C1411774AC77005B1D58 /* AirFuseAPI */ = {
			isa = PBXGroup;
			children = (
				20E8C14F1774ACA9005B1D58 /* Supporting Files */,
				20E8C1431774AC77005B1D58 /* AirFuseAPI.h */,
				20E8C1441774AC77005B1D58 /* AirFuseAPI.m */,
			);
			path = AirFuseAPI;
			sourceTree = "<group>";
		};
		20E8C14F1774ACA9005B1D58 /* Supporting Files */ = {
			isa = PBXGroup;
			children = (
				2009E3D61774B74900AFA02D /* AirFuseAPI-Prefix.pch */,
				2009E3D81774B75000AFA02D /* FlashRuntimeExtensions.h */,
			);
			name = "Supporting Files";
			sourceTree = "<group>";
		};
		39CD1F90160753D0006D8EB1 = {
			isa = PBXGroup;
			children = (
				20E8C1411774AC77005B1D58 /* AirFuseAPI */,
				39CD1F9D160753D0006D8EB1 /* Frameworks */,
				39CD1F9C160753D0006D8EB1 /* Products */,
			);
			sourceTree = "<group>";
		};
		39CD1F9C160753D0006D8EB1 /* Products */ = {
			isa = PBXGroup;
			children = (
				39CD1F9B160753D0006D8EB1 /* libAirFuseAPI.a */,
			);
			name = Products;
			sourceTree = "<group>";
		};
		39CD1F9D160753D0006D8EB1 /* Frameworks */ = {
			isa = PBXGroup;
			children = (
				2009E3CE1774B71C00AFA02D /* FuseAPI */,
				20FE61B01832E29400CCE8DC /* MessageUI.framework */,
				20FE61801832C7A300CCE8DC /* EventKitUI.framework */,
				20FE617D1832C79D00CCE8DC /* EventKit.framework */,
				39CD1F9E160753D0006D8EB1 /* Foundation.framework */,
				39CD1FA0160753D0006D8EB1 /* CoreFoundation.framework */,
				39CD1FA2160753D0006D8EB1 /* UIKit.framework */,
				39CD1FA4160753D0006D8EB1 /* MobileCoreServices.framework */,
				39CD1FA6160753D0006D8EB1 /* CoreGraphics.framework */,
				39CD1FA8160753D0006D8EB1 /* SystemConfiguration.framework */,
				39CD1FAA160753D0006D8EB1 /* AudioToolbox.framework */,
				39CD1FAC160753D0006D8EB1 /* CFNetwork.framework */,
				39CD1FAE160753D0006D8EB1 /* QuartzCore.framework */,
				39CD1FB0160753D0006D8EB1 /* OpenGLES.framework */,
				39CD1FB8160753D0006D8EB1 /* AVFoundation.framework */,
				39CD1FDE1607560E006D8EB1 /* GameKit.framework */,
				39CD1FBA160753D0006D8EB1 /* Security.framework */,
				39CD1FDC160755FA006D8EB1 /* StoreKit.framework */,
			);
			name = Frameworks;
			sourceTree = "<group>";
		};
/* End PBXGroup section */

/* Begin PBXHeadersBuildPhase section */
		39CD1F99160753D0006D8EB1 /* Headers */ = {
			isa = PBXHeadersBuildPhase;
			buildActionMask = 2147483647;
			files = (
				20E8C1461774AC77005B1D58 /* AirFuseAPI.h in Headers */,
				2009E3D11774B71C00AFA02D /* FuseAPI.h in Headers */,
				2009E3D71774B74900AFA02D /* AirFuseAPI-Prefix.pch in Headers */,
				2009E3D91774B75000AFA02D /* FlashRuntimeExtensions.h in Headers */,
			);
			runOnlyForDeploymentPostprocessing = 0;
		};
/* End PBXHeadersBuildPhase section */

/* Begin PBXNativeTarget section */
		39CD1F9A160753D0006D8EB1 /* AirFuseAPI */ = {
			isa = PBXNativeTarget;
			buildConfigurationList = 39CD1FC5160753D0006D8EB1 /* Build configuration list for PBXNativeTarget "AirFuseAPI" */;
			buildPhases = (
				39CD1F97160753D0006D8EB1 /* Sources */,
				39CD1F98160753D0006D8EB1 /* Frameworks */,
				39CD1F99160753D0006D8EB1 /* Headers */,
			);
			buildRules = (
			);
			dependencies = (
			);
			name = AirFuseAPI;
			productName = AirFuseAPI;
			productReference = 39CD1F9B160753D0006D8EB1 /* libAirFuseAPI.a */;
			productType = "com.apple.product-type.library.static";
		};
/* End PBXNativeTarget section */

/* Begin PBXProject section */
		39CD1F92160753D0006D8EB1 /* Project object */ = {
			isa = PBXProject;
			attributes = {
				LastUpgradeCheck = 0460;
			};
			buildConfigurationList = 39CD1F95160753D0006D8EB1 /* Build configuration list for PBXProject "AirFuseAPI" */;
			compatibilityVersion = "Xcode 3.2";
			developmentRegion = English;
			hasScannedForEncodings = 0;
			knownRegions = (
				en,
			);
			mainGroup = 39CD1F90160753D0006D8EB1;
			productRefGroup = 39CD1F9C160753D0006D8EB1 /* Products */;
			projectDirPath = "";
			projectRoot = "";
			targets = (
				39CD1F9A160753D0006D8EB1 /* AirFuseAPI */,
			);
		};
/* End PBXProject section */

/* Begin PBXSourcesBuildPhase section */
		39CD1F97160753D0006D8EB1 /* Sources */ = {
			isa = PBXSourcesBuildPhase;
			buildActionMask = 2147483647;
			files = (
				20E8C1471774AC77005B1D58 /* AirFuseAPI.m in Sources */,
			);
			runOnlyForDeploymentPostprocessing = 0;
		};
/* End PBXSourcesBuildPhase section */

/* Begin XCBuildConfiguration section */
		39CD1FC3160753D0006D8EB1 /* Debug */ = {
			isa = XCBuildConfiguration;
			buildSettings = {
				ALWAYS_SEARCH_USER_PATHS = NO;
				ARCHS = "$(ARCHS_STANDARD_32_BIT)";
				CLANG_ENABLE_OBJC_ARC = NO;
				COPY_PHASE_STRIP = NO;
				GCC_C_LANGUAGE_STANDARD = gnu99;
				GCC_DYNAMIC_NO_PIC = NO;
				GCC_ENABLE_CPP_EXCEPTIONS = NO;
				GCC_ENABLE_OBJC_EXCEPTIONS = NO;
				GCC_OPTIMIZATION_LEVEL = 0;
				GCC_PREPROCESSOR_DEFINITIONS = (
					"DEBUG=1",
					"$(inherited)",
				);
				GCC_SYMBOLS_PRIVATE_EXTERN = NO;
				GCC_VERSION = com.apple.compilers.llvmgcc42;
				GCC_WARN_ABOUT_MISSING_PROTOTYPES = YES;
				GCC_WARN_ABOUT_RETURN_TYPE = YES;
				GCC_WARN_UNUSED_VARIABLE = YES;
				IPHONEOS_DEPLOYMENT_TARGET = 6.0;
				SDKROOT = iphoneos;
				USER_HEADER_SEARCH_PATHS = "/Applications/Adobe Flash Builder 4.6/sdks/4.6.0air32/include/";
			};
			name = Debug;
		};
		39CD1FC4160753D0006D8EB1 /* Release */ = {
			isa = XCBuildConfiguration;
			buildSettings = {
				ALWAYS_SEARCH_USER_PATHS = NO;
				ARCHS = "$(ARCHS_STANDARD_32_BIT)";
				CLANG_ENABLE_OBJC_ARC = NO;
				COPY_PHASE_STRIP = YES;
				GCC_C_LANGUAGE_STANDARD = gnu99;
				GCC_ENABLE_CPP_EXCEPTIONS = NO;
				GCC_ENABLE_OBJC_EXCEPTIONS = NO;
				GCC_VERSION = com.apple.compilers.llvmgcc42;
				GCC_WARN_ABOUT_MISSING_PROTOTYPES = YES;
				GCC_WARN_ABOUT_RETURN_TYPE = YES;
				GCC_WARN_UNUSED_VARIABLE = YES;
				IPHONEOS_DEPLOYMENT_TARGET = 6.0;
				SDKROOT = iphoneos;
				USER_HEADER_SEARCH_PATHS = "/Applications/Adobe Flash Builder 4.6/sdks/4.6.0air32/include/";
				VALIDATE_PRODUCT = YES;
			};
			name = Release;
		};
		39CD1FC6160753D0006D8EB1 /* Debug */ = {
			isa = XCBuildConfiguration;
			buildSettings = {
				DEAD_CODE_STRIPPING = NO;
				DSTROOT = /tmp/AirFuseAPI.dst;
				GCC_PRECOMPILE_PREFIX_HEADER = YES;
				GCC_PREFIX_HEADER = "AirFuseAPI/AirFuseAPI-Prefix.pch";
				GCC_VERSION = com.apple.compilers.llvm.clang.1_0;
				LIBRARY_SEARCH_PATHS = (
					"$(inherited)",
					"\"$(SRCROOT)/FuseAPI\"",
				);
				OTHER_LDFLAGS = "";
				PRODUCT_NAME = AirFuseAPI;
				SKIP_INSTALL = YES;
				USER_HEADER_SEARCH_PATHS = "";
			};
			name = Debug;
		};
		39CD1FC7160753D0006D8EB1 /* Release */ = {
			isa = XCBuildConfiguration;
			buildSettings = {
				DEAD_CODE_STRIPPING = NO;
				DSTROOT = /tmp/AirFuseAPI.dst;
				GCC_PRECOMPILE_PREFIX_HEADER = YES;
				GCC_PREFIX_HEADER = "AirFuseAPI/AirFuseAPI-Prefix.pch";
				GCC_VERSION = com.apple.compilers.llvm.clang.1_0;
				LIBRARY_SEARCH_PATHS = (
					"$(inherited)",
					"\"$(SRCROOT)/FuseAPI\"",
				);
				OTHER_LDFLAGS = "";
				PRODUCT_NAME = AirFuseAPI;
				SKIP_INSTALL = YES;
				USER_HEADER_SEARCH_PATHS = "";
			};
			name = Release;
		};
/* End XCBuildConfiguration section */

/* Begin XCConfigurationList section */
		39CD1F95160753D0006D8EB1 /* Build configuration list for PBXProject "AirFuseAPI" */ = {
			isa = XCConfigurationList;
			buildConfigurations = (
				39CD1FC3160753D0006D8EB1 /* Debug */,
				39CD1FC4160753D0006D8EB1 /* Release */,
			);
			defaultConfigurationIsVisible = 0;
			defaultConfigurationName = Release;
		};
		39CD1FC5160753D0006D8EB1 /* Build configuration list for PBXNativeTarget "AirFuseAPI" */ = {
			isa = XCConfigurationList;
			buildConfigurations = (
				39CD1FC6160753D0006D8EB1 /* Debug */,
				39CD1FC7160753D0006D8EB1 /* Release */,
			);
			defaultConfigurationIsVisible = 0;
			defaultConfigurationName = Release;
		};
/* End XCConfigurationList section */
	};
	rootObject = 39CD1F92160753D0006D8EB1 /* Project object */;
}
